// !$*UTF8*$!
{
	archiveVersion = 1;
	classes = {
	};
	objectVersion = 46;
	objects = {

/* Begin PBXBuildFile section */
		B4DA96821A1A786A000F6259 /* AppDelegate.swift in Sources */ = {isa = PBXBuildFile; fileRef = B4DA96811A1A786A000F6259 /* AppDelegate.swift */; };
		B4DA96841A1A786A000F6259 /* ViewController.swift in Sources */ = {isa = PBXBuildFile; fileRef = B4DA96831A1A786A000F6259 /* ViewController.swift */; };
		B4DA96871A1A786A000F6259 /* Main.storyboard in Resources */ = {isa = PBXBuildFile; fileRef = B4DA96851A1A786A000F6259 /* Main.storyboard */; };
		B4DA96891A1A786A000F6259 /* Images.xcassets in Resources */ = {isa = PBXBuildFile; fileRef = B4DA96881A1A786A000F6259 /* Images.xcassets */; };
		B4DA968C1A1A786B000F6259 /* LaunchScreen.xib in Resources */ = {isa = PBXBuildFile; fileRef = B4DA968A1A1A786B000F6259 /* LaunchScreen.xib */; };
		B4DA96981A1A786B000F6259 /* Dead_PixelTests.swift in Sources */ = {isa = PBXBuildFile; fileRef = B4DA96971A1A786B000F6259 /* Dead_PixelTests.swift */; };
/* End PBXBuildFile section */

/* Begin PBXContainerItemProxy section */
		B4DA96921A1A786B000F6259 /* PBXContainerItemProxy */ = {
			isa = PBXContainerItemProxy;
			containerPortal = B4DA96741A1A786A000F6259 /* Project object */;
			proxyType = 1;
			remoteGlobalIDString = B4DA967B1A1A786A000F6259;
			remoteInfo = "Dead Pixel";
		};
/* End PBXContainerItemProxy section */

/* Begin PBXFileReference section */
		B4DA967C1A1A786A000F6259 /* Dead Pixel.app */ = {isa = PBXFileReference; explicitFileType = wrapper.application; includeInIndex = 0; path = "Dead Pixel.app"; sourceTree = BUILT_PRODUCTS_DIR; };
		B4DA96801A1A786A000F6259 /* Info.plist */ = {isa = PBXFileReference; lastKnownFileType = text.plist.xml; path = Info.plist; sourceTree = "<group>"; };
		B4DA96811A1A786A000F6259 /* AppDelegate.swift */ = {isa = PBXFileReference; lastKnownFileType = sourcecode.swift; path = AppDelegate.swift; sourceTree = "<group>"; };
		B4DA96831A1A786A000F6259 /* ViewController.swift */ = {isa = PBXFileReference; lastKnownFileType = sourcecode.swift; path = ViewController.swift; sourceTree = "<group>"; };
		B4DA96861A1A786A000F6259 /* Base */ = {isa = PBXFileReference; lastKnownFileType = file.storyboard; name = Base; path = Base.lproj/Main.storyboard; sourceTree = "<group>"; };
		B4DA96881A1A786A000F6259 /* Images.xcassets */ = {isa = PBXFileReference; lastKnownFileType = folder.assetcatalog; path = Images.xcassets; sourceTree = "<group>"; };
		B4DA968B1A1A786B000F6259 /* Base */ = {isa = PBXFileReference; lastKnownFileType = file.xib; name = Base; path = Base.lproj/LaunchScreen.xib; sourceTree = "<group>"; };
		B4DA96911A1A786B000F6259 /* Dead PixelTests.xctest */ = {isa = PBXFileReference; explicitFileType = wrapper.cfbundle; includeInIndex = 0; path = "Dead PixelTests.xctest"; sourceTree = BUILT_PRODUCTS_DIR; };
		B4DA96961A1A786B000F6259 /* Info.plist */ = {isa = PBXFileReference; lastKnownFileType = text.plist.xml; path = Info.plist; sourceTree = "<group>"; };
		B4DA96971A1A786B000F6259 /* Dead_PixelTests.swift */ = {isa = PBXFileReference; lastKnownFileType = sourcecode.swift; path = Dead_PixelTests.swift; sourceTree = "<group>"; };
/* End PBXFileReference section */

/* Begin PBXFrameworksBuildPhase section */
		B4DA96791A1A786A000F6259 /* Frameworks */ = {
			isa = PBXFrameworksBuildPhase;
			buildActionMask = 2147483647;
			files = (
			);
			runOnlyForDeploymentPostprocessing = 0;
		};
		B4DA968E1A1A786B000F6259 /* Frameworks */ = {
			isa = PBXFrameworksBuildPhase;
			buildActionMask = 2147483647;
			files = (
			);
			runOnlyForDeploymentPostprocessing = 0;
		};
/* End PBXFrameworksBuildPhase section */

/* Begin PBXGroup section */
		B4DA96731A1A786A000F6259 = {
			isa = PBXGroup;
			children = (
				B4DA967E1A1A786A000F6259 /* Dead Pixel */,
				B4DA96941A1A786B000F6259 /* Dead PixelTests */,
				B4DA967D1A1A786A000F6259 /* Products */,
			);
			sourceTree = "<group>";
		};
		B4DA967D1A1A786A000F6259 /* Products */ = {
			isa = PBXGroup;
			children = (
				B4DA967C1A1A786A000F6259 /* Dead Pixel.app */,
				B4DA96911A1A786B000F6259 /* Dead PixelTests.xctest */,
			);
			name = Products;
			sourceTree = "<group>";
		};
		B4DA967E1A1A786A000F6259 /* Dead Pixel */ = {
			isa = PBXGroup;
			children = (
				B4DA96811A1A786A000F6259 /* AppDelegate.swift */,
				B4DA96831A1A786A000F6259 /* ViewController.swift */,
				B4DA96851A1A786A000F6259 /* Main.storyboard */,
				B4DA96881A1A786A000F6259 /* Images.xcassets */,
				B4DA968A1A1A786B000F6259 /* LaunchScreen.xib */,
				B4DA967F1A1A786A000F6259 /* Supporting Files */,
			);
			path = "Dead Pixel";
			sourceTree = "<group>";
		};
		B4DA967F1A1A786A000F6259 /* Supporting Files */ = {
			isa = PBXGroup;
			children = (
				B4DA96801A1A786A000F6259 /* Info.plist */,
			);
			name = "Supporting Files";
			sourceTree = "<group>";
		};
		B4DA96941A1A786B000F6259 /* Dead PixelTests */ = {
			isa = PBXGroup;
			children = (
				B4DA96971A1A786B000F6259 /* Dead_PixelTests.swift */,
				B4DA96951A1A786B000F6259 /* Supporting Files */,
			);
			path = "Dead PixelTests";
			sourceTree = "<group>";
		};
		B4DA96951A1A786B000F6259 /* Supporting Files */ = {
			isa = PBXGroup;
			children = (
				B4DA96961A1A786B000F6259 /* Info.plist */,
			);
			name = "Supporting Files";
			sourceTree = "<group>";
		};
/* End PBXGroup section */

/* Begin PBXNativeTarget section */
		B4DA967B1A1A786A000F6259 /* Dead Pixel */ = {
			isa = PBXNativeTarget;
			buildConfigurationList = B4DA969B1A1A786B000F6259 /* Build configuration list for PBXNativeTarget "Dead Pixel" */;
			buildPhases = (
				B4DA96781A1A786A000F6259 /* Sources */,
				B4DA96791A1A786A000F6259 /* Frameworks */,
				B4DA967A1A1A786A000F6259 /* Resources */,
			);
			buildRules = (
			);
			dependencies = (
			);
			name = "Dead Pixel";
			productName = "Dead Pixel";
			productReference = B4DA967C1A1A786A000F6259 /* Dead Pixel.app */;
			productType = "com.apple.product-type.application";
		};
		B4DA96901A1A786B000F6259 /* Dead PixelTests */ = {
			isa = PBXNativeTarget;
			buildConfigurationList = B4DA969E1A1A786B000F6259 /* Build configuration list for PBXNativeTarget "Dead PixelTests" */;
			buildPhases = (
				B4DA968D1A1A786B000F6259 /* Sources */,
				B4DA968E1A1A786B000F6259 /* Frameworks */,
				B4DA968F1A1A786B000F6259 /* Resources */,
			);
			buildRules = (
			);
			dependencies = (
				B4DA96931A1A786B000F6259 /* PBXTargetDependency */,
			);
			name = "Dead PixelTests";
			productName = "Dead PixelTests";
			productReference = B4DA96911A1A786B000F6259 /* Dead PixelTests.xctest */;
			productType = "com.apple.product-type.bundle.unit-test";
		};
/* End PBXNativeTarget section */

/* Begin PBXProject section */
		B4DA96741A1A786A000F6259 /* Project object */ = {
			isa = PBXProject;
			attributes = {
				LastUpgradeCheck = 0610;
				ORGANIZATIONNAME = "Emre BEGEN";
				TargetAttributes = {
					B4DA967B1A1A786A000F6259 = {
						CreatedOnToolsVersion = 6.1;
					};
					B4DA96901A1A786B000F6259 = {
						CreatedOnToolsVersion = 6.1;
						TestTargetID = B4DA967B1A1A786A000F6259;
					};
				};
			};
			buildConfigurationList = B4DA96771A1A786A000F6259 /* Build configuration list for PBXProject "Dead Pixel" */;
			compatibilityVersion = "Xcode 3.2";
			developmentRegion = English;
			hasScannedForEncodings = 0;
			knownRegions = (
				en,
				Base,
			);
			mainGroup = B4DA96731A1A786A000F6259;
			productRefGroup = B4DA967D1A1A786A000F6259 /* Products */;
			projectDirPath = "";
			projectRoot = "";
			targets = (
				B4DA967B1A1A786A000F6259 /* Dead Pixel */,
				B4DA96901A1A786B000F6259 /* Dead PixelTests */,
			);
		};
/* End PBXProject section */

/* Begin PBXResourcesBuildPhase section */
		B4DA967A1A1A786A000F6259 /* Resources */ = {
			isa = PBXResourcesBuildPhase;
			buildActionMask = 2147483647;
			files = (
				B4DA96871A1A786A000F6259 /* Main.storyboard in Resources */,
				B4DA968C1A1A786B000F6259 /* LaunchScreen.xib in Resources */,
				B4DA96891A1A786A000F6259 /* Images.xcassets in Resources */,
			);
			runOnlyForDeploymentPostprocessing = 0;
		};
		B4DA968F1A1A786B000F6259 /* Resources */ = {
			isa = PBXResourcesBuildPhase;
			buildActionMask = 2147483647;
			files = (
			);
			runOnlyForDeploymentPostprocessing = 0;
		};
/* End PBXResourcesBuildPhase section */

/* Begin PBXSourcesBuildPhase section */
		B4DA96781A1A786A000F6259 /* Sources */ = {
			isa = PBXSourcesBuildPhase;
			buildActionMask = 2147483647;
			files = (
				B4DA96841A1A786A000F6259 /* ViewController.swift in Sources */,
				B4DA96821A1A786A000F6259 /* AppDelegate.swift in Sources */,
			);
			runOnlyForDeploymentPostprocessing = 0;
		};
		B4DA968D1A1A786B000F6259 /* Sources */ = {
			isa = PBXSourcesBuildPhase;
			buildActionMask = 2147483647;
			files = (
				B4DA96981A1A786B000F6259 /* Dead_PixelTests.swift in Sources */,
			);
			runOnlyForDeploymentPostprocessing = 0;
		};
/* End PBXSourcesBuildPhase section */

/* Begin PBXTargetDependency section */
		B4DA96931A1A786B000F6259 /* PBXTargetDependency */ = {
			isa = PBXTargetDependency;
			target = B4DA967B1A1A786A000F6259 /* Dead Pixel */;
			targetProxy = B4DA96921A1A786B000F6259 /* PBXContainerItemProxy */;
		};
/* End PBXTargetDependency section */

/* Begin PBXVariantGroup section */
		B4DA96851A1A786A000F6259 /* Main.storyboard */ = {
			isa = PBXVariantGroup;
			children = (
				B4DA96861A1A786A000F6259 /* Base */,
			);
			name = Main.storyboard;
			sourceTree = "<group>";
		};
		B4DA968A1A1A786B000F6259 /* LaunchScreen.xib */ = {
			isa = PBXVariantGroup;
			children = (
				B4DA968B1A1A786B000F6259 /* Base */,
			);
			name = LaunchScreen.xib;
			sourceTree = "<group>";
		};
/* End PBXVariantGroup section */

/* Begin XCBuildConfiguration section */
		B4DA96991A1A786B000F6259 /* Debug */ = {
			isa = XCBuildConfiguration;
			buildSettings = {
				ALWAYS_SEARCH_USER_PATHS = NO;
				CLANG_CXX_LANGUAGE_STANDARD = "gnu++0x";
				CLANG_CXX_LIBRARY = "libc++";
				CLANG_ENABLE_MODULES = YES;
				CLANG_ENABLE_OBJC_ARC = YES;
				CLANG_WARN_BOOL_CONVERSION = YES;
				CLANG_WARN_CONSTANT_CONVERSION = YES;
				CLANG_WARN_DIRECT_OBJC_ISA_USAGE = YES_ERROR;
				CLANG_WARN_EMPTY_BODY = YES;
				CLANG_WARN_ENUM_CONVERSION = YES;
				CLANG_WARN_INT_CONVERSION = YES;
				CLANG_WARN_OBJC_ROOT_CLASS = YES_ERROR;
				CLANG_WARN_UNREACHABLE_CODE = YES;
				CLANG_WARN__DUPLICATE_METHOD_MATCH = YES;
				"CODE_SIGN_IDENTITY[sdk=iphoneos*]" = "iPhone Developer";
				COPY_PHASE_STRIP = NO;
				ENABLE_STRICT_OBJC_MSGSEND = YES;
				GCC_C_LANGUAGE_STANDARD = gnu99;
				GCC_DYNAMIC_NO_PIC = NO;
				GCC_OPTIMIZATION_LEVEL = 0;
				GCC_PREPROCESSOR_DEFINITIONS = (
					"DEBUG=1",
					"$(inherited)",
				);
				GCC_SYMBOLS_PRIVATE_EXTERN = NO;
				GCC_WARN_64_TO_32_BIT_CONVERSION = YES;
				GCC_WARN_ABOUT_RETURN_TYPE = YES_ERROR;
				GCC_WARN_UNDECLARED_SELECTOR = YES;
				GCC_WARN_UNINITIALIZED_AUTOS = YES_AGGRESSIVE;
				GCC_WARN_UNUSED_FUNCTION = YES;
				GCC_WARN_UNUSED_VARIABLE = YES;
				IPHONEOS_DEPLOYMENT_TARGET = 8.1;
				MTL_ENABLE_DEBUG_INFO = YES;
				ONLY_ACTIVE_ARCH = YES;
				SDKROOT = iphoneos;
				SWIFT_OPTIMIZATION_LEVEL = "-Onone";
			};
			name = Debug;
		};
		B4DA969A1A1A786B000F6259 /* Release */ = {
			isa = XCBuildConfiguration;
			buildSettings = {
				ALWAYS_SEARCH_USER_PATHS = NO;
				CLANG_CXX_LANGUAGE_STANDARD = "gnu++0x";
				CLANG_CXX_LIBRARY = "libc++";
				CLANG_ENABLE_MODULES = YES;
				CLANG_ENABLE_OBJC_ARC = YES;
				CLANG_WARN_BOOL_CONVERSION = YES;
				CLANG_WARN_CONSTANT_CONVERSION = YES;
				CLANG_WARN_DIRECT_OBJC_ISA_USAGE = YES_ERROR;
				CLANG_WARN_EMPTY_BODY = YES;
				CLANG_WARN_ENUM_CONVERSION = YES;
				CLANG_WARN_INT_CONVERSION = YES;
				CLANG_WARN_OBJC_ROOT_CLASS = YES_ERROR;
				CLANG_WARN_UNREACHABLE_CODE = YES;
				CLANG_WARN__DUPLICATE_METHOD_MATCH = YES;
				"CODE_SIGN_IDENTITY[sdk=iphoneos*]" = "iPhone Developer";
				COPY_PHASE_STRIP = YES;
				ENABLE_NS_ASSERTIONS = NO;
				ENABLE_STRICT_OBJC_MSGSEND = YES;
				GCC_C_LANGUAGE_STANDARD = gnu99;
				GCC_WARN_64_TO_32_BIT_CONVERSION = YES;
				GCC_WARN_ABOUT_RETURN_TYPE = YES_ERROR;
				GCC_WARN_UNDECLARED_SELECTOR = YES;
				GCC_WARN_UNINITIALIZED_AUTOS = YES_AGGRESSIVE;
				GCC_WARN_UNUSED_FUNCTION = YES;
				GCC_WARN_UNUSED_VARIABLE = YES;
				IPHONEOS_DEPLOYMENT_TARGET = 8.1;
				MTL_ENABLE_DEBUG_INFO = NO;
				SDKROOT = iphoneos;
				VALIDATE_PRODUCT = YES;
			};
			name = Release;
		};
		B4DA969C1A1A786B000F6259 /* Debug */ = {
			isa = XCBuildConfiguration;
			buildSettings = {
				ASSETCATALOG_COMPILER_APPICON_NAME = AppIcon;
				INFOPLIST_FILE = "Dead Pixel/Info.plist";
				LD_RUNPATH_SEARCH_PATHS = "$(inherited) @executable_path/Frameworks";
				PRODUCT_NAME = "$(TARGET_NAME)";
			};
			name = Debug;
		};
		B4DA969D1A1A786B000F6259 /* Release */ = {
			isa = XCBuildConfiguration;
			buildSettings = {
				ASSETCATALOG_COMPILER_APPICON_NAME = AppIcon;
				INFOPLIST_FILE = "Dead Pixel/Info.plist";
				LD_RUNPATH_SEARCH_PATHS = "$(inherited) @executable_path/Frameworks";
				PRODUCT_NAME = "$(TARGET_NAME)";
			};
			name = Release;
		};
		B4DA969F1A1A786B000F6259 /* Debug */ = {
			isa = XCBuildConfiguration;
			buildSettings = {
				BUNDLE_LOADER = "$(TEST_HOST)";
				FRAMEWORK_SEARCH_PATHS = (
					"$(SDKROOT)/Developer/Library/Frameworks",
					"$(inherited)",
				);
				GCC_PREPROCESSOR_DEFINITIONS = (
					"DEBUG=1",
					"$(inherited)",
				);
				INFOPLIST_FILE = "Dead PixelTests/Info.plist";
				LD_RUNPATH_SEARCH_PATHS = "$(inherited) @executable_path/Frameworks @loader_path/Frameworks";
				PRODUCT_NAME = "$(TARGET_NAME)";
				TEST_HOST = "$(BUILT_PRODUCTS_DIR)/Dead Pixel.app/Dead Pixel";
			};
			name = Debug;
		};
		B4DA96A01A1A786B000F6259 /* Release */ = {
			isa = XCBuildConfiguration;
			buildSettings = {
				BUNDLE_LOADER = "$(TEST_HOST)";
				FRAMEWORK_SEARCH_PATHS = (
					"$(SDKROOT)/Developer/Library/Frameworks",
					"$(inherited)",
				);
				INFOPLIST_FILE = "Dead PixelTests/Info.plist";
				LD_RUNPATH_SEARCH_PATHS = "$(inherited) @executable_path/Frameworks @loader_path/Frameworks";
				PRODUCT_NAME = "$(TARGET_NAME)";
				TEST_HOST = "$(BUILT_PRODUCTS_DIR)/Dead Pixel.app/Dead Pixel";
			};
			name = Release;
		};
/* End XCBuildConfiguration section */

/* Begin XCConfigurationList section */
		B4DA96771A1A786A000F6259 /* Build configuration list for PBXProject "Dead Pixel" */ = {
			isa = XCConfigurationList;
			buildConfigurations = (
				B4DA96991A1A786B000F6259 /* Debug */,
				B4DA969A1A1A786B000F6259 /* Release */,
			);
			defaultConfigurationIsVisible = 0;
			defaultConfigurationName = Release;
		};
		B4DA969B1A1A786B000F6259 /* Build configuration list for PBXNativeTarget "Dead Pixel" */ = {
			isa = XCConfigurationList;
			buildConfigurations = (
				B4DA969C1A1A786B000F6259 /* Debug */,
				B4DA969D1A1A786B000F6259 /* Release */,
			);
			defaultConfigurationIsVisible = 0;
		};
		B4DA969E1A1A786B000F6259 /* Build configuration list for PBXNativeTarget "Dead PixelTests" */ = {
			isa = XCConfigurationList;
			buildConfigurations = (
				B4DA969F1A1A786B000F6259 /* Debug */,
				B4DA96A01A1A786B000F6259 /* Release */,
			);
			defaultConfigurationIsVisible = 0;
		};
/* End XCConfigurationList section */
	};
	rootObject = B4DA96741A1A786A000F6259 /* Project object */;
}
